
Microsoft Visual Studio Solution File, Format Version 12.00
# Visual Studio Version 16
VisualStudioVersion = 16.0.29102.190
MinimumVisualStudioVersion = 10.0.40219.1
Project("{FAE04EC0-301F-11D3-BF4B-00C04F79EFBC}") = "ConsoleUI", "ConsoleUI\ConsoleUI.csproj", "{D05F2C0C-848B-454E-A471-A491A3E40914}"
EndProject
Global
	GlobalSection(SolutionConfigurationPlatforms) = preSolution
		Debug|Any CPU = Debug|Any CPU
		Release|Any CPU = Release|Any CPU
	EndGlobalSection
	GlobalSection(ProjectConfigurationPlatforms) = postSolution
		{D05F2C0C-848B-454E-A471-A491A3E40914}.Debug|Any CPU.ActiveCfg = Debug|Any CPU
		{D05F2C0C-848B-454E-A471-A491A3E40914}.Debug|Any CPU.Build.0 = Debug|Any CPU
		{D05F2C0C-848B-454E-A471-A491A3E40914}.Release|Any CPU.ActiveCfg = Release|Any CPU
		{D05F2C0C-848B-454E-A471-A491A3E40914}.Release|Any CPU.Build.0 = Release|Any CPU
	EndGlobalSection
	GlobalSection(SolutionProperties) = preSolution
		HideSolutionNode = FALSE
	EndGlobalSection
	GlobalSection(ExtensibilityGlobals) = postSolution
		SolutionGuid = {2DBAF066-1266-4FB2-A7E2-823084B22E8D}
	EndGlobalSection
EndGlobal
